# THIS IS AN AUTOGENERATED FILE. DO NOT EDIT THIS FILE DIRECTLY.
# yarn lockfile v1


"@types/acorn@^4.0.5":
  version "4.0.5"
  resolved "https://registry.yarnpkg.com/@types/acorn/-/acorn-4.0.5.tgz#e29fdf884695e77be4e99e67d748f5147255752d"
  integrity sha512-603sPiZ4GVRHPvn6vNgEAvJewKsy+zwRWYS2MeIMemgoAtcjlw2G3lALxrb9OPA17J28bkB71R33yXlQbUatCA==
  dependencies:
    "@types/estree" "*"

"@types/estree@*":
  version "0.0.39"
  resolved "https://registry.yarnpkg.com/@types/estree/-/estree-0.0.39.tgz#e177e699ee1b8c22d23174caaa7422644389509f"
  integrity sha512-EYNwp3bU+98cpU4lAWYYL7Zz+2gryWH1qbdDTidVd6hkiR6weksdbMadyXKXNPEkQFhXM+hVO9ZygomHXp+AIw==

acorn-walk@^6.2.0:
  version "6.2.0"
  resolved "https://registry.yarnpkg.com/acorn-walk/-/acorn-walk-6.2.0.tgz#123cb8f3b84c2171f1f7fb252615b1c78a6b1a8c"
  integrity sha512-7evsyfH1cLOCdAzZAd43Cic04yKydNx0cF+7tiA19p1XnLLPU4dpCQOqpjqwokFe//vS0QqfqqjCS2JkiIs0cA==

acorn@^6.4.1:
  version "6.4.1"
  resolved "https://registry.yarnpkg.com/acorn/-/acorn-6.4.1.tgz#531e58ba3f51b9dacb9a6646ca4debf5b14ca474"
  integrity sha512-ZVA9k326Nwrj3Cj9jlh3wGFutC2ZornPNARZwsNYqQYgN0EsV2d53w5RN/co65Ohn4sUAUtb1rSUAOD6XN9idA==

commander@^2.11.0:
  version "2.20.0"
  resolved "https://registry.yarnpkg.com/commander/-/commander-2.20.0.tgz#d58bb2b5c1ee8f87b0d340027e9e94e222c5a422"
  integrity sha512-7j2y+40w61zy6YC2iRNpUe/NwhNyoXrYpHMrSunaMG64nRnaf96zO/KMQR4OyN/UnE5KLyEBnKHd4aG3rskjpQ==

webtreemap@^2.0.1:
  version "2.0.1"
  resolved "https://registry.yarnpkg.com/webtreemap/-/webtreemap-2.0.1.tgz#2891805bb9a4acbeabbfd0f8bdb82fbe55b39dc6"
  integrity sha1-KJGAW7mkrL6rv9D4vbgvvlWzncY=
  dependencies:
    commander "^2.11.0"
